// !$*UTF8*$!
{
	archiveVersion = 1;
	classes = {
	};
	objectVersion = 46;
	objects = {

/* Begin PBXBuildFile section */
		5A4A90B116A5A48900030E55 /* UIKit.framework in Frameworks */ = {isa = PBXBuildFile; fileRef = 5A4A90B016A5A48900030E55 /* UIKit.framework */; };
		5A4A90B316A5A48900030E55 /* Foundation.framework in Frameworks */ = {isa = PBXBuildFile; fileRef = 5A4A90B216A5A48900030E55 /* Foundation.framework */; };
		5A4A90B516A5A48900030E55 /* CoreGraphics.framework in Frameworks */ = {isa = PBXBuildFile; fileRef = 5A4A90B416A5A48900030E55 /* CoreGraphics.framework */; };
		5A4A90BB16A5A48900030E55 /* InfoPlist.strings in Resources */ = {isa = PBXBuildFile; fileRef = 5A4A90B916A5A48900030E55 /* InfoPlist.strings */; };
		5A4A90BD16A5A48900030E55 /* main.m in Sources */ = {isa = PBXBuildFile; fileRef = 5A4A90BC16A5A48900030E55 /* main.m */; };
		5A4A90C116A5A48900030E55 /* TRAppDelegate.m in Sources */ = {isa = PBXBuildFile; fileRef = 5A4A90C016A5A48900030E55 /* TRAppDelegate.m */; };
		5A4A90C316A5A48900030E55 /* Default.png in Resources */ = {isa = PBXBuildFile; fileRef = 5A4A90C216A5A48900030E55 /* Default.png */; };
		5A4A90C516A5A48900030E55 /* Default@2x.png in Resources */ = {isa = PBXBuildFile; fileRef = 5A4A90C416A5A48900030E55 /* Default@2x.png */; };
		5A4A90C716A5A48900030E55 /* Default-568h@2x.png in Resources */ = {isa = PBXBuildFile; fileRef = 5A4A90C616A5A48900030E55 /* Default-568h@2x.png */; };
		5A4A90CA16A5A48900030E55 /* TRViewController.m in Sources */ = {isa = PBXBuildFile; fileRef = 5A4A90C916A5A48900030E55 /* TRViewController.m */; };
		5A4A90CD16A5A48900030E55 /* TRViewController.xib in Resources */ = {isa = PBXBuildFile; fileRef = 5A4A90CB16A5A48900030E55 /* TRViewController.xib */; };
		5AF54EC316A6EFC400FCAC7F /* TRContainerViewController.m in Sources */ = {isa = PBXBuildFile; fileRef = 5AF54EC216A6EFC400FCAC7F /* TRContainerViewController.m */; };
		5AF54EC616A6F39D00FCAC7F /* TRModalViewController.m in Sources */ = {isa = PBXBuildFile; fileRef = 5AF54EC516A6F39D00FCAC7F /* TRModalViewController.m */; };
/* End PBXBuildFile section */

/* Begin PBXFileReference section */
		5A4A90AC16A5A48900030E55 /* TransparentModalView.app */ = {isa = PBXFileReference; explicitFileType = wrapper.application; includeInIndex = 0; path = TransparentModalView.app; sourceTree = BUILT_PRODUCTS_DIR; };
		5A4A90B016A5A48900030E55 /* UIKit.framework */ = {isa = PBXFileReference; lastKnownFileType = wrapper.framework; name = UIKit.framework; path = System/Library/Frameworks/UIKit.framework; sourceTree = SDKROOT; };
		5A4A90B216A5A48900030E55 /* Foundation.framework */ = {isa = PBXFileReference; lastKnownFileType = wrapper.framework; name = Foundation.framework; path = System/Library/Frameworks/Foundation.framework; sourceTree = SDKROOT; };
		5A4A90B416A5A48900030E55 /* CoreGraphics.framework */ = {isa = PBXFileReference; lastKnownFileType = wrapper.framework; name = CoreGraphics.framework; path = System/Library/Frameworks/CoreGraphics.framework; sourceTree = SDKROOT; };
		5A4A90B816A5A48900030E55 /* TransparentModalView-Info.plist */ = {isa = PBXFileReference; lastKnownFileType = text.plist.xml; path = "TransparentModalView-Info.plist"; sourceTree = "<group>"; };
		5A4A90BA16A5A48900030E55 /* en */ = {isa = PBXFileReference; lastKnownFileType = text.plist.strings; name = en; path = en.lproj/InfoPlist.strings; sourceTree = "<group>"; };
		5A4A90BC16A5A48900030E55 /* main.m */ = {isa = PBXFileReference; lastKnownFileType = sourcecode.c.objc; path = main.m; sourceTree = "<group>"; };
		5A4A90BE16A5A48900030E55 /* TransparentModalView-Prefix.pch */ = {isa = PBXFileReference; lastKnownFileType = sourcecode.c.h; path = "TransparentModalView-Prefix.pch"; sourceTree = "<group>"; };
		5A4A90BF16A5A48900030E55 /* TRAppDelegate.h */ = {isa = PBXFileReference; lastKnownFileType = sourcecode.c.h; path = TRAppDelegate.h; sourceTree = "<group>"; };
		5A4A90C016A5A48900030E55 /* TRAppDelegate.m */ = {isa = PBXFileReference; lastKnownFileType = sourcecode.c.objc; path = TRAppDelegate.m; sourceTree = "<group>"; };
		5A4A90C216A5A48900030E55 /* Default.png */ = {isa = PBXFileReference; lastKnownFileType = image.png; path = Default.png; sourceTree = "<group>"; };
		5A4A90C416A5A48900030E55 /* Default@2x.png */ = {isa = PBXFileReference; lastKnownFileType = image.png; path = "Default@2x.png"; sourceTree = "<group>"; };
		5A4A90C616A5A48900030E55 /* Default-568h@2x.png */ = {isa = PBXFileReference; lastKnownFileType = image.png; path = "Default-568h@2x.png"; sourceTree = "<group>"; };
		5A4A90C816A5A48900030E55 /* TRViewController.h */ = {isa = PBXFileReference; lastKnownFileType = sourcecode.c.h; path = TRViewController.h; sourceTree = "<group>"; };
		5A4A90C916A5A48900030E55 /* TRViewController.m */ = {isa = PBXFileReference; lastKnownFileType = sourcecode.c.objc; path = TRViewController.m; sourceTree = "<group>"; };
		5A4A90CC16A5A48900030E55 /* en */ = {isa = PBXFileReference; lastKnownFileType = file.xib; name = en; path = en.lproj/TRViewController.xib; sourceTree = "<group>"; };
		5AF54EC116A6EFC400FCAC7F /* TRContainerViewController.h */ = {isa = PBXFileReference; fileEncoding = 4; lastKnownFileType = sourcecode.c.h; path = TRContainerViewController.h; sourceTree = "<group>"; };
		5AF54EC216A6EFC400FCAC7F /* TRContainerViewController.m */ = {isa = PBXFileReference; fileEncoding = 4; lastKnownFileType = sourcecode.c.objc; path = TRContainerViewController.m; sourceTree = "<group>"; };
		5AF54EC416A6F39D00FCAC7F /* TRModalViewController.h */ = {isa = PBXFileReference; fileEncoding = 4; lastKnownFileType = sourcecode.c.h; path = TRModalViewController.h; sourceTree = "<group>"; };
		5AF54EC516A6F39D00FCAC7F /* TRModalViewController.m */ = {isa = PBXFileReference; fileEncoding = 4; lastKnownFileType = sourcecode.c.objc; path = TRModalViewController.m; sourceTree = "<group>"; };
/* End PBXFileReference section */

/* Begin PBXFrameworksBuildPhase section */
		5A4A90A916A5A48900030E55 /* Frameworks */ = {
			isa = PBXFrameworksBuildPhase;
			buildActionMask = 2147483647;
			files = (
				5A4A90B116A5A48900030E55 /* UIKit.framework in Frameworks */,
				5A4A90B316A5A48900030E55 /* Foundation.framework in Frameworks */,
				5A4A90B516A5A48900030E55 /* CoreGraphics.framework in Frameworks */,
			);
			runOnlyForDeploymentPostprocessing = 0;
		};
/* End PBXFrameworksBuildPhase section */

/* Begin PBXGroup section */
		5A4A90A116A5A48900030E55 = {
			isa = PBXGroup;
			children = (
				5A4A90B616A5A48900030E55 /* TransparentModalView */,
				5A4A90AF16A5A48900030E55 /* Frameworks */,
				5A4A90AD16A5A48900030E55 /* Products */,
			);
			sourceTree = "<group>";
		};
		5A4A90AD16A5A48900030E55 /* Products */ = {
			isa = PBXGroup;
			children = (
				5A4A90AC16A5A48900030E55 /* TransparentModalView.app */,
			);
			name = Products;
			sourceTree = "<group>";
		};
		5A4A90AF16A5A48900030E55 /* Frameworks */ = {
			isa = PBXGroup;
			children = (
				5A4A90B016A5A48900030E55 /* UIKit.framework */,
				5A4A90B216A5A48900030E55 /* Foundation.framework */,
				5A4A90B416A5A48900030E55 /* CoreGraphics.framework */,
			);
			name = Frameworks;
			sourceTree = "<group>";
		};
		5A4A90B616A5A48900030E55 /* TransparentModalView */ = {
			isa = PBXGroup;
			children = (
				5AF54EBF16A6EF1C00FCAC7F /* Class */,
				5A4A90BF16A5A48900030E55 /* TRAppDelegate.h */,
				5A4A90C016A5A48900030E55 /* TRAppDelegate.m */,
				5A4A90C816A5A48900030E55 /* TRViewController.h */,
				5A4A90C916A5A48900030E55 /* TRViewController.m */,
				5A4A90CB16A5A48900030E55 /* TRViewController.xib */,
				5A4A90B716A5A48900030E55 /* Supporting Files */,
			);
			path = TransparentModalView;
			sourceTree = "<group>";
		};
		5A4A90B716A5A48900030E55 /* Supporting Files */ = {
			isa = PBXGroup;
			children = (
				5A4A90B816A5A48900030E55 /* TransparentModalView-Info.plist */,
				5A4A90B916A5A48900030E55 /* InfoPlist.strings */,
				5A4A90BC16A5A48900030E55 /* main.m */,
				5A4A90BE16A5A48900030E55 /* TransparentModalView-Prefix.pch */,
				5A4A90C216A5A48900030E55 /* Default.png */,
				5A4A90C416A5A48900030E55 /* Default@2x.png */,
				5A4A90C616A5A48900030E55 /* Default-568h@2x.png */,
			);
			name = "Supporting Files";
			sourceTree = "<group>";
		};
		5AF54EBD16A6EF0900FCAC7F /* Container */ = {
			isa = PBXGroup;
			children = (
				5AF54EC116A6EFC400FCAC7F /* TRContainerViewController.h */,
				5AF54EC216A6EFC400FCAC7F /* TRContainerViewController.m */,
			);
			path = Container;
			sourceTree = "<group>";
		};
		5AF54EBF16A6EF1C00FCAC7F /* Class */ = {
			isa = PBXGroup;
			children = (
				5AF54EC016A6EF5E00FCAC7F /* BaseViewController */,
				5AF54EBD16A6EF0900FCAC7F /* Container */,
			);
			path = Class;
			sourceTree = "<group>";
		};
		5AF54EC016A6EF5E00FCAC7F /* BaseViewController */ = {
			isa = PBXGroup;
			children = (
				5AF54EC416A6F39D00FCAC7F /* TRModalViewController.h */,
				5AF54EC516A6F39D00FCAC7F /* TRModalViewController.m */,
			);
			path = BaseViewController;
			sourceTree = "<group>";
		};
/* End PBXGroup section */

/* Begin PBXNativeTarget section */
		5A4A90AB16A5A48900030E55 /* TransparentModalView */ = {
			isa = PBXNativeTarget;
			buildConfigurationList = 5A4A90D016A5A48900030E55 /* Build configuration list for PBXNativeTarget "TransparentModalView" */;
			buildPhases = (
				5A4A90A816A5A48900030E55 /* Sources */,
				5A4A90A916A5A48900030E55 /* Frameworks */,
				5A4A90AA16A5A48900030E55 /* Resources */,
			);
			buildRules = (
			);
			dependencies = (
			);
			name = TransparentModalView;
			productName = TransparentModalView;
			productReference = 5A4A90AC16A5A48900030E55 /* TransparentModalView.app */;
			productType = "com.apple.product-type.application";
		};
/* End PBXNativeTarget section */

/* Begin PBXProject section */
		5A4A90A316A5A48900030E55 /* Project object */ = {
			isa = PBXProject;
			attributes = {
				CLASSPREFIX = TR;
				LastUpgradeCheck = 0450;
				ORGANIZATIONNAME = SOMTD;
			};
			buildConfigurationList = 5A4A90A616A5A48900030E55 /* Build configuration list for PBXProject "TransparentModalView" */;
			compatibilityVersion = "Xcode 3.2";
			developmentRegion = English;
			hasScannedForEncodings = 0;
			knownRegions = (
				en,
			);
			mainGroup = 5A4A90A116A5A48900030E55;
			productRefGroup = 5A4A90AD16A5A48900030E55 /* Products */;
			projectDirPath = "";
			projectRoot = "";
			targets = (
				5A4A90AB16A5A48900030E55 /* TransparentModalView */,
			);
		};
/* End PBXProject section */

/* Begin PBXResourcesBuildPhase section */
		5A4A90AA16A5A48900030E55 /* Resources */ = {
			isa = PBXResourcesBuildPhase;
			buildActionMask = 2147483647;
			files = (
				5A4A90BB16A5A48900030E55 /* InfoPlist.strings in Resources */,
				5A4A90C316A5A48900030E55 /* Default.png in Resources */,
				5A4A90C516A5A48900030E55 /* Default@2x.png in Resources */,
				5A4A90C716A5A48900030E55 /* Default-568h@2x.png in Resources */,
				5A4A90CD16A5A48900030E55 /* TRViewController.xib in Resources */,
			);
			runOnlyForDeploymentPostprocessing = 0;
		};
/* End PBXResourcesBuildPhase section */

/* Begin PBXSourcesBuildPhase section */
		5A4A90A816A5A48900030E55 /* Sources */ = {
			isa = PBXSourcesBuildPhase;
			buildActionMask = 2147483647;
			files = (
				5A4A90BD16A5A48900030E55 /* main.m in Sources */,
				5A4A90C116A5A48900030E55 /* TRAppDelegate.m in Sources */,
				5A4A90CA16A5A48900030E55 /* TRViewController.m in Sources */,
				5AF54EC316A6EFC400FCAC7F /* TRContainerViewController.m in Sources */,
				5AF54EC616A6F39D00FCAC7F /* TRModalViewController.m in Sources */,
			);
			runOnlyForDeploymentPostprocessing = 0;
		};
/* End PBXSourcesBuildPhase section */

/* Begin PBXVariantGroup section */
		5A4A90B916A5A48900030E55 /* InfoPlist.strings */ = {
			isa = PBXVariantGroup;
			children = (
				5A4A90BA16A5A48900030E55 /* en */,
			);
			name = InfoPlist.strings;
			sourceTree = "<group>";
		};
		5A4A90CB16A5A48900030E55 /* TRViewController.xib */ = {
			isa = PBXVariantGroup;
			children = (
				5A4A90CC16A5A48900030E55 /* en */,
			);
			name = TRViewController.xib;
			sourceTree = "<group>";
		};
/* End PBXVariantGroup section */

/* Begin XCBuildConfiguration section */
		5A4A90CE16A5A48900030E55 /* Debug */ = {
			isa = XCBuildConfiguration;
			buildSettings = {
				ALWAYS_SEARCH_USER_PATHS = NO;
				CLANG_CXX_LANGUAGE_STANDARD = "gnu++0x";
				CLANG_CXX_LIBRARY = "libc++";
				CLANG_ENABLE_OBJC_ARC = YES;
				CLANG_WARN_EMPTY_BODY = YES;
				CLANG_WARN__DUPLICATE_METHOD_MATCH = YES;
				"CODE_SIGN_IDENTITY[sdk=iphoneos*]" = "iPhone Developer";
				COPY_PHASE_STRIP = NO;
				GCC_C_LANGUAGE_STANDARD = gnu99;
				GCC_DYNAMIC_NO_PIC = NO;
				GCC_OPTIMIZATION_LEVEL = 0;
				GCC_PREPROCESSOR_DEFINITIONS = (
					"DEBUG=1",
					"$(inherited)",
				);
				GCC_SYMBOLS_PRIVATE_EXTERN = NO;
				GCC_WARN_ABOUT_RETURN_TYPE = YES;
				GCC_WARN_UNINITIALIZED_AUTOS = YES;
				GCC_WARN_UNUSED_VARIABLE = YES;
				IPHONEOS_DEPLOYMENT_TARGET = 6.0;
				ONLY_ACTIVE_ARCH = YES;
				SDKROOT = iphoneos;
			};
			name = Debug;
		};
		5A4A90CF16A5A48900030E55 /* Release */ = {
			isa = XCBuildConfiguration;
			buildSettings = {
				ALWAYS_SEARCH_USER_PATHS = NO;
				CLANG_CXX_LANGUAGE_STANDARD = "gnu++0x";
				CLANG_CXX_LIBRARY = "libc++";
				CLANG_ENABLE_OBJC_ARC = YES;
				CLANG_WARN_EMPTY_BODY = YES;
				CLANG_WARN__DUPLICATE_METHOD_MATCH = YES;
				"CODE_SIGN_IDENTITY[sdk=iphoneos*]" = "iPhone Developer";
				COPY_PHASE_STRIP = YES;
				GCC_C_LANGUAGE_STANDARD = gnu99;
				GCC_WARN_ABOUT_RETURN_TYPE = YES;
				GCC_WARN_UNINITIALIZED_AUTOS = YES;
				GCC_WARN_UNUSED_VARIABLE = YES;
				IPHONEOS_DEPLOYMENT_TARGET = 6.0;
				OTHER_CFLAGS = "-DNS_BLOCK_ASSERTIONS=1";
				SDKROOT = iphoneos;
				VALIDATE_PRODUCT = YES;
			};
			name = Release;
		};
		5A4A90D116A5A48900030E55 /* Debug */ = {
			isa = XCBuildConfiguration;
			buildSettings = {
				GCC_PRECOMPILE_PREFIX_HEADER = YES;
				GCC_PREFIX_HEADER = "TransparentModalView/TransparentModalView-Prefix.pch";
				INFOPLIST_FILE = "TransparentModalView/TransparentModalView-Info.plist";
				PRODUCT_NAME = "$(TARGET_NAME)";
				WRAPPER_EXTENSION = app;
			};
			name = Debug;
		};
		5A4A90D216A5A48900030E55 /* Release */ = {
			isa = XCBuildConfiguration;
			buildSettings = {
				GCC_PRECOMPILE_PREFIX_HEADER = YES;
				GCC_PREFIX_HEADER = "TransparentModalView/TransparentModalView-Prefix.pch";
				INFOPLIST_FILE = "TransparentModalView/TransparentModalView-Info.plist";
				PRODUCT_NAME = "$(TARGET_NAME)";
				WRAPPER_EXTENSION = app;
			};
			name = Release;
		};
/* End XCBuildConfiguration section */

/* Begin XCConfigurationList section */
		5A4A90A616A5A48900030E55 /* Build configuration list for PBXProject "TransparentModalView" */ = {
			isa = XCConfigurationList;
			buildConfigurations = (
				5A4A90CE16A5A48900030E55 /* Debug */,
				5A4A90CF16A5A48900030E55 /* Release */,
			);
			defaultConfigurationIsVisible = 0;
			defaultConfigurationName = Release;
		};
		5A4A90D016A5A48900030E55 /* Build configuration list for PBXNativeTarget "TransparentModalView" */ = {
			isa = XCConfigurationList;
			buildConfigurations = (
				5A4A90D116A5A48900030E55 /* Debug */,
				5A4A90D216A5A48900030E55 /* Release */,
			);
			defaultConfigurationIsVisible = 0;
			defaultConfigurationName = Release;
		};
/* End XCConfigurationList section */
	};
	rootObject = 5A4A90A316A5A48900030E55 /* Project object */;
}
